
Microsoft Visual Studio Solution File, Format Version 12.00
# Visual Studio Version 16
VisualStudioVersion = 16.0.31515.178
MinimumVisualStudioVersion = 10.0.40219.1
Project("{FAE04EC0-301F-11D3-BF4B-00C04F79EFBC}") = "Persona", "Persona\Persona.csproj", "{78AAA2B0-0E1C-44FC-A22C-1CC6F67E5240}"
EndProject
Global
	GlobalSection(SolutionConfigurationPlatforms) = preSolution
		Debug|Any CPU = Debug|Any CPU
		Release|Any CPU = Release|Any CPU
	EndGlobalSection
	GlobalSection(ProjectConfigurationPlatforms) = postSolution
		{78AAA2B0-0E1C-44FC-A22C-1CC6F67E5240}.Debug|Any CPU.ActiveCfg = Debug|Any CPU
		{78AAA2B0-0E1C-44FC-A22C-1CC6F67E5240}.Debug|Any CPU.Build.0 = Debug|Any CPU
		{78AAA2B0-0E1C-44FC-A22C-1CC6F67E5240}.Release|Any CPU.ActiveCfg = Release|Any CPU
		{78AAA2B0-0E1C-44FC-A22C-1CC6F67E5240}.Release|Any CPU.Build.0 = Release|Any CPU
	EndGlobalSection
	GlobalSection(SolutionProperties) = preSolution
		HideSolutionNode = FALSE
	EndGlobalSection
	GlobalSection(ExtensibilityGlobals) = postSolution
		SolutionGuid = {B04FE9C2-E1B6-4C48-BB20-F111C7E62012}
	EndGlobalSection
EndGlobal
